# @generated - this file is auto-generated by `mise lock` https://mise.en.dev/dev-tools/mise-lock.html

[[tools.dotnet]]
version = "8.0.414"
backend = "asdf:dotnet"

[[tools."github:pulumi/pulumictl"]]
version = "0.0.50"
backend = "github:pulumi/pulumictl"

[tools."github:pulumi/pulumictl"."platforms.linux-arm64"]
checksum = "sha256:c1d58544bee6f67ba67611faaab4422840934385d043c5be44e1662c35c7fee4"
url = "https://github.com/pulumi/pulumictl/releases/download/v0.0.50/pulumictl-v0.0.50-linux-arm64.tar.gz"
url_api = "https://api.github.com/repos/pulumi/pulumictl/releases/assets/278054512"

[tools."github:pulumi/pulumictl"."platforms.linux-x64"]
checksum = "sha256:a988418240d3a985bdcb9753b7c65ba4b06608deb359dc2942cb8c9374abc164"
url = "https://github.com/pulumi/pulumictl/releases/download/v0.0.50/pulumictl-v0.0.50-linux-amd64.tar.gz"
url_api = "https://api.github.com/repos/pulumi/pulumictl/releases/assets/278054496"

[[tools."github:pulumi/schema-tools"]]
version = "0.7.0"
backend = "github:pulumi/schema-tools"

[tools."github:pulumi/schema-tools"."platforms.linux-arm64"]
checksum = "sha256:d7d2d0c920f9558a54193c40f37a497f21371e91f7f518f7a0d180a82c3395e8"
url = "https://github.com/pulumi/schema-tools/releases/download/v0.7.0/schema-tools-v0.7.0-linux-arm64.tar.gz"
url_api = "https://api.github.com/repos/pulumi/schema-tools/releases/assets/367439698"

[tools."github:pulumi/schema-tools"."platforms.linux-x64"]
checksum = "sha256:e81fc48cb4a88bd5820b99cfc7dab3ffee82a8e35e7d71048e9f0e91ff456581"
url = "https://github.com/pulumi/schema-tools/releases/download/v0.7.0/schema-tools-v0.7.0-linux-amd64.tar.gz"
url_api = "https://api.github.com/repos/pulumi/schema-tools/releases/assets/367439699"

[[tools.go]]
version = "1.24.8"
backend = "core:go"

[tools.go."platforms.linux-arm64"]
checksum = "sha256:38ac33b4cfa41e8a32132de7a87c6db49277ab5c0de1412512484db1ed77637e"
url = "https://dl.google.com/go/go1.24.8.linux-arm64.tar.gz"

[tools.go."platforms.linux-x64"]
checksum = "sha256:6842c516ca66c89d648a7f1dbe28e28c47b61b59f8f06633eb2ceb1188e9251d"
url = "https://dl.google.com/go/go1.24.8.linux-amd64.tar.gz"

[[tools.golangci-lint]]
version = "2.6.2"
backend = "aqua:golangci/golangci-lint"

[tools.golangci-lint."platforms.linux-arm64"]
checksum = "sha256:a2f9c6fe1800d0a6ba2a94ada95debe2c498a636ffc12308ee03022f97be1f33"
url = "https://github.com/golangci/golangci-lint/releases/download/v2.6.2/golangci-lint-2.6.2-linux-arm64.tar.gz"

[tools.golangci-lint."platforms.linux-x64"]
checksum = "sha256:499c864b5fd9841c4fa8e80b5e2be30f73f085cf186f1b111ff81a2783b7de12"
url = "https://github.com/golangci/golangci-lint/releases/download/v2.6.2/golangci-lint-2.6.2-linux-amd64.tar.gz"

[[tools.gradle]]
version = "7.6.0"
backend = "aqua:gradle/gradle"

[tools.gradle."platforms.linux-arm64"]
checksum = "blake3:6bb73835ece75802c0fdc43d4a4f5d0a137b9d86978baed5b1df260f6c8f7575"
url = "https://github.com/gradle/gradle-distributions/releases/download/v7.6.0/gradle-7.6-bin.zip"

[tools.gradle."platforms.linux-x64"]
url = "https://github.com/gradle/gradle-distributions/releases/download/v7.6.0/gradle-7.6-bin.zip"

[[tools.java]]
version = "corretto-11.0.30.7.1"
backend = "core:java"

[tools.java."platforms.linux-arm64"]
checksum = "sha256:16f7d0d23a232cd754f7d2e511efa85b369af55ef1eb0e4718e9e41aa9991ef6"
url = "https://corretto.aws/downloads/resources/11.0.30.7.1/amazon-corretto-11.0.30.7.1-linux-aarch64.tar.gz"

[tools.java."platforms.linux-x64"]
checksum = "sha256:c4843d67b7c8f5f8ffbab43b90b8595243f48aa545b713e30e1d29a5f23b364c"
url = "https://corretto.aws/downloads/resources/11.0.30.7.1/amazon-corretto-11.0.30.7.1-linux-x64.tar.gz"

[[tools.node]]
version = "24.14.0"
backend = "core:node"

[tools.node."platforms.linux-arm64"]
checksum = "sha256:f44740cd218de8127f1c44c41510a3a740fa5c9c8d1cdce1c3bedada79f3cde7"
url = "https://nodejs.org/dist/v24.14.0/node-v24.14.0-linux-arm64.tar.gz"

[tools.node."platforms.linux-x64"]
checksum = "sha256:dbf5b8665dec15e59e6359a517fefb47b23fdb9152d8def975b9bca3dfc6d355"
url = "https://nodejs.org/dist/v24.14.0/node-v24.14.0-linux-x64.tar.gz"

[[tools."npm:yarn"]]
version = "1.22.22"
backend = "npm:yarn"

[[tools.pulumi]]
version = "3.207.0"
backend = "aqua:pulumi/pulumi"

[tools.pulumi."platforms.linux-arm64"]
checksum = "sha256:5e8b646c75d1c5c25b9b9581e0b5411fb4a641feb50c5e345a02d0fe51bfbfda"
url = "https://github.com/pulumi/pulumi/releases/download/v3.207.0/pulumi-v3.207.0-linux-arm64.tar.gz"
provenance = "cosign"

[tools.pulumi."platforms.linux-x64"]
checksum = "sha256:6ebc94fdf98833f4573b6a086f636f53c59245a490f516e03b875dabc41514a6"
url = "https://github.com/pulumi/pulumi/releases/download/v3.207.0/pulumi-v3.207.0-linux-x64.tar.gz"
provenance = "cosign"

[[tools.python]]
version = "3.11.8"
backend = "core:python"

[tools.python."platforms.linux-arm64"]
checksum = "blake3:4a93491f63e31901d0d8919ba651d3e09090a207bfc8965c478a0ab7cb92c693"
url = "https://github.com/astral-sh/python-build-standalone/releases/download/20240224/cpython-3.11.8+20240224-aarch64-unknown-linux-gnu-install_only.tar.gz"

[tools.python."platforms.linux-x64"]
checksum = "sha256:94e13d0e5ad417035b80580f3e893a72e094b0900d5d64e7e34ab08e95439987"
url = "https://github.com/astral-sh/python-build-standalone/releases/download/20240224/cpython-3.11.8+20240224-x86_64-unknown-linux-gnu-install_only.tar.gz"
